
Microsoft Visual Studio Solution File, Format Version 12.00
# Visual Studio Version 16
VisualStudioVersion = 16.0.31702.278
MinimumVisualStudioVersion = 10.0.40219.1
Project("{FAE04EC0-301F-11D3-BF4B-00C04F79EFBC}") = "Server", "Server\Server.csproj", "{56A8A62C-C694-438D-B8C3-D0B87F11AF13}"
EndProject
Project("{FAE04EC0-301F-11D3-BF4B-00C04F79EFBC}") = "Client", "Client\Client.csproj", "{890F3F25-CF83-4587-AE8F-7B530736DF43}"
EndProject
Global
	GlobalSection(SolutionConfigurationPlatforms) = preSolution
		Debug|Any CPU = Debug|Any CPU
		Release|Any CPU = Release|Any CPU
	EndGlobalSection
	GlobalSection(ProjectConfigurationPlatforms) = postSolution
		{56A8A62C-C694-438D-B8C3-D0B87F11AF13}.Debug|Any CPU.ActiveCfg = Debug|Any CPU
		{56A8A62C-C694-438D-B8C3-D0B87F11AF13}.Debug|Any CPU.Build.0 = Debug|Any CPU
		{56A8A62C-C694-438D-B8C3-D0B87F11AF13}.Release|Any CPU.ActiveCfg = Release|Any CPU
		{56A8A62C-C694-438D-B8C3-D0B87F11AF13}.Release|Any CPU.Build.0 = Release|Any CPU
		{890F3F25-CF83-4587-AE8F-7B530736DF43}.Debug|Any CPU.ActiveCfg = Debug|Any CPU
		{890F3F25-CF83-4587-AE8F-7B530736DF43}.Debug|Any CPU.Build.0 = Debug|Any CPU
		{890F3F25-CF83-4587-AE8F-7B530736DF43}.Release|Any CPU.ActiveCfg = Release|Any CPU
		{890F3F25-CF83-4587-AE8F-7B530736DF43}.Release|Any CPU.Build.0 = Release|Any CPU
	EndGlobalSection
	GlobalSection(SolutionProperties) = preSolution
		HideSolutionNode = FALSE
	EndGlobalSection
	GlobalSection(ExtensibilityGlobals) = postSolution
		SolutionGuid = {4E488EB1-4DFC-45F8-A23C-E469E605C8E5}
	EndGlobalSection
EndGlobal
